
Microsoft Visual Studio Solution File, Format Version 12.00
# Visual Studio Version 17
VisualStudioVersion = 17.0.32014.148
MinimumVisualStudioVersion = 10.0.40219.1
Project("{FAE04EC0-301F-11D3-BF4B-00C04F79EFBC}") = "IEA_SignalR_Api", "IEA_SignalR_Api\IEA_SignalR_Api.csproj", "{915D2B36-92AB-42E7-BCFD-EE1508104876}"
EndProject
Project("{FAE04EC0-301F-11D3-BF4B-00C04F79EFBC}") = "WebApplication1", "WebApplication1\WebApplication1.csproj", "{BD3084F2-7F7C-40FB-A20D-60789104E868}"
EndProject
Global
	GlobalSection(SolutionConfigurationPlatforms) = preSolution
		Debug|Any CPU = Debug|Any CPU
		Release|Any CPU = Release|Any CPU
	EndGlobalSection
	GlobalSection(ProjectConfigurationPlatforms) = postSolution
		{915D2B36-92AB-42E7-BCFD-EE1508104876}.Debug|Any CPU.ActiveCfg = Debug|Any CPU
		{915D2B36-92AB-42E7-BCFD-EE1508104876}.Debug|Any CPU.Build.0 = Debug|Any CPU
		{915D2B36-92AB-42E7-BCFD-EE1508104876}.Release|Any CPU.ActiveCfg = Release|Any CPU
		{915D2B36-92AB-42E7-BCFD-EE1508104876}.Release|Any CPU.Build.0 = Release|Any CPU
		{BD3084F2-7F7C-40FB-A20D-60789104E868}.Debug|Any CPU.ActiveCfg = Debug|Any CPU
		{BD3084F2-7F7C-40FB-A20D-60789104E868}.Debug|Any CPU.Build.0 = Debug|Any CPU
		{BD3084F2-7F7C-40FB-A20D-60789104E868}.Release|Any CPU.ActiveCfg = Release|Any CPU
		{BD3084F2-7F7C-40FB-A20D-60789104E868}.Release|Any CPU.Build.0 = Release|Any CPU
	EndGlobalSection
	GlobalSection(SolutionProperties) = preSolution
		HideSolutionNode = FALSE
	EndGlobalSection
	GlobalSection(ExtensibilityGlobals) = postSolution
		SolutionGuid = {CDCBA738-33FB-440C-9EDC-BF8A741DD62F}
	EndGlobalSection
EndGlobal
